
Microsoft Visual Studio Solution File, Format Version 12.00
# Visual Studio 15
VisualStudioVersion = 15.0.28307.329
MinimumVisualStudioVersion = 10.0.40219.1
Project("{FAE04EC0-301F-11D3-BF4B-00C04F79EFBC}") = "News", "News\News.csproj", "{3E0330D5-A2D0-477A-B281-6176F6BCA3CA}"
EndProject
Global
	GlobalSection(SolutionConfigurationPlatforms) = preSolution
		Debug|Any CPU = Debug|Any CPU
		Release|Any CPU = Release|Any CPU
	EndGlobalSection
	GlobalSection(ProjectConfigurationPlatforms) = postSolution
		{3E0330D5-A2D0-477A-B281-6176F6BCA3CA}.Debug|Any CPU.ActiveCfg = Debug|Any CPU
		{3E0330D5-A2D0-477A-B281-6176F6BCA3CA}.Debug|Any CPU.Build.0 = Debug|Any CPU
		{3E0330D5-A2D0-477A-B281-6176F6BCA3CA}.Release|Any CPU.ActiveCfg = Release|Any CPU
		{3E0330D5-A2D0-477A-B281-6176F6BCA3CA}.Release|Any CPU.Build.0 = Release|Any CPU
	EndGlobalSection
	GlobalSection(SolutionProperties) = preSolution
		HideSolutionNode = FALSE
	EndGlobalSection
	GlobalSection(ExtensibilityGlobals) = postSolution
		SolutionGuid = {ABD7AE43-7E9C-4E12-8910-16A3A3012076}
	EndGlobalSection
EndGlobal
